
Microsoft Visual Studio Solution File, Format Version 12.00
# Visual Studio Version 16
VisualStudioVersion = 16.0.32002.261
MinimumVisualStudioVersion = 10.0.40219.1
Project("{FAE04EC0-301F-11D3-BF4B-00C04F79EFBC}") = "InventoryERP_Project", "InventoryERP_Project\InventoryERP_Project.csproj", "{AF053398-0488-4AB3-BFAB-8CFEA2C2195E}"
EndProject
Global
	GlobalSection(SolutionConfigurationPlatforms) = preSolution
		Debug|Any CPU = Debug|Any CPU
		Release|Any CPU = Release|Any CPU
	EndGlobalSection
	GlobalSection(ProjectConfigurationPlatforms) = postSolution
		{AF053398-0488-4AB3-BFAB-8CFEA2C2195E}.Debug|Any CPU.ActiveCfg = Debug|Any CPU
		{AF053398-0488-4AB3-BFAB-8CFEA2C2195E}.Debug|Any CPU.Build.0 = Debug|Any CPU
		{AF053398-0488-4AB3-BFAB-8CFEA2C2195E}.Release|Any CPU.ActiveCfg = Release|Any CPU
		{AF053398-0488-4AB3-BFAB-8CFEA2C2195E}.Release|Any CPU.Build.0 = Release|Any CPU
	EndGlobalSection
	GlobalSection(SolutionProperties) = preSolution
		HideSolutionNode = FALSE
	EndGlobalSection
	GlobalSection(ExtensibilityGlobals) = postSolution
		SolutionGuid = {D141262D-FFA1-47F2-A3A5-ABD5F35F0AC9}
	EndGlobalSection
EndGlobal
